
Microsoft Visual Studio Solution File, Format Version 12.00
# Visual Studio Version 16
VisualStudioVersion = 16.0.31613.86
MinimumVisualStudioVersion = 10.0.40219.1
Project("{9A19103F-16F7-4668-BE54-9A1E7A4F7556}") = "BookingResource.EntityFramework", "BookingResource.EntityFramework\BookingResource.EntityFramework.csproj", "{80F04775-D898-403D-9827-38F0B1A1C81E}"
EndProject
Project("{9A19103F-16F7-4668-BE54-9A1E7A4F7556}") = "BookingResource.Application", "BookingResource.Application\BookingResource.Application.csproj", "{1D49672A-188A-46A4-B225-51F8CFD1520F}"
EndProject
Project("{9A19103F-16F7-4668-BE54-9A1E7A4F7556}") = "BookingResource.Core", "BookingResource.Core\BookingResource.Core.csproj", "{44A5DCDB-C225-4959-AD1C-AC69992BCA91}"
EndProject
Project("{9A19103F-16F7-4668-BE54-9A1E7A4F7556}") = "BookingResource.Web", "BookingResource.Web\BookingResource.Web.csproj", "{D38177D4-3071-4E31-BFD9-A6360C3B235E}"
EndProject
Project("{2150E333-8FDC-42A3-9474-1A3956D46DE8}") = "Test", "Test", "{9CC8B843-4577-46D5-AFFD-2751AE1CB148}"
EndProject
Project("{9A19103F-16F7-4668-BE54-9A1E7A4F7556}") = "BookingResource.WebTests", "BookingResource.WebTests\BookingResource.WebTests.csproj", "{ED0A1724-CC86-4818-9F39-0F0FF3B5C16D}"
EndProject
Global
	GlobalSection(SolutionConfigurationPlatforms) = preSolution
		Debug|Any CPU = Debug|Any CPU
		Release|Any CPU = Release|Any CPU
	EndGlobalSection
	GlobalSection(ProjectConfigurationPlatforms) = postSolution
		{80F04775-D898-403D-9827-38F0B1A1C81E}.Debug|Any CPU.ActiveCfg = Debug|Any CPU
		{80F04775-D898-403D-9827-38F0B1A1C81E}.Debug|Any CPU.Build.0 = Debug|Any CPU
		{80F04775-D898-403D-9827-38F0B1A1C81E}.Release|Any CPU.ActiveCfg = Release|Any CPU
		{80F04775-D898-403D-9827-38F0B1A1C81E}.Release|Any CPU.Build.0 = Release|Any CPU
		{1D49672A-188A-46A4-B225-51F8CFD1520F}.Debug|Any CPU.ActiveCfg = Debug|Any CPU
		{1D49672A-188A-46A4-B225-51F8CFD1520F}.Debug|Any CPU.Build.0 = Debug|Any CPU
		{1D49672A-188A-46A4-B225-51F8CFD1520F}.Release|Any CPU.ActiveCfg = Release|Any CPU
		{1D49672A-188A-46A4-B225-51F8CFD1520F}.Release|Any CPU.Build.0 = Release|Any CPU
		{44A5DCDB-C225-4959-AD1C-AC69992BCA91}.Debug|Any CPU.ActiveCfg = Debug|Any CPU
		{44A5DCDB-C225-4959-AD1C-AC69992BCA91}.Debug|Any CPU.Build.0 = Debug|Any CPU
		{44A5DCDB-C225-4959-AD1C-AC69992BCA91}.Release|Any CPU.ActiveCfg = Release|Any CPU
		{44A5DCDB-C225-4959-AD1C-AC69992BCA91}.Release|Any CPU.Build.0 = Release|Any CPU
		{D38177D4-3071-4E31-BFD9-A6360C3B235E}.Debug|Any CPU.ActiveCfg = Debug|Any CPU
		{D38177D4-3071-4E31-BFD9-A6360C3B235E}.Debug|Any CPU.Build.0 = Debug|Any CPU
		{D38177D4-3071-4E31-BFD9-A6360C3B235E}.Release|Any CPU.ActiveCfg = Release|Any CPU
		{D38177D4-3071-4E31-BFD9-A6360C3B235E}.Release|Any CPU.Build.0 = Release|Any CPU
		{ED0A1724-CC86-4818-9F39-0F0FF3B5C16D}.Debug|Any CPU.ActiveCfg = Debug|Any CPU
		{ED0A1724-CC86-4818-9F39-0F0FF3B5C16D}.Debug|Any CPU.Build.0 = Debug|Any CPU
		{ED0A1724-CC86-4818-9F39-0F0FF3B5C16D}.Release|Any CPU.ActiveCfg = Release|Any CPU
		{ED0A1724-CC86-4818-9F39-0F0FF3B5C16D}.Release|Any CPU.Build.0 = Release|Any CPU
	EndGlobalSection
	GlobalSection(SolutionProperties) = preSolution
		HideSolutionNode = FALSE
	EndGlobalSection
	GlobalSection(ExtensibilityGlobals) = postSolution
		SolutionGuid = {8FF6A6F5-2AFE-4B4D-A1B5-B512FE4C2A76}
	EndGlobalSection
EndGlobal
